
Microsoft Visual Studio Solution File, Format Version 12.00
# Visual Studio 2012
Project("{FAE04EC0-301F-11D3-BF4B-00C04F79EFBC}") = "WallpaperDownloader", "WallpaperDownloader\WallpaperDownloader.csproj", "{2EB9106A-4E51-4460-9B76-D411E475B8DF}"
EndProject
Project("{FAE04EC0-301F-11D3-BF4B-00C04F79EFBC}") = "Core", "Core\Core.csproj", "{6A5D555B-3165-4A84-AD7E-D9E7AE436474}"
EndProject
Project("{FAE04EC0-301F-11D3-BF4B-00C04F79EFBC}") = "Core.Tests", "Core.Tests\Core.Tests.csproj", "{0D3CF2A2-1AC4-4E3C-98E3-8996312430DF}"
EndProject
Project("{FAE04EC0-301F-11D3-BF4B-00C04F79EFBC}") = "Core.IntegrationTests", "Core.IntegrationTests\Core.IntegrationTests.csproj", "{A61D7EBF-3E5A-41FD-815A-3A9351FAD522}"
EndProject
Project("{2150E333-8FDC-42A3-9474-1A3956D46DE8}") = ".nuget", ".nuget", "{9A19E289-BA7E-4D33-AB11-B81380612838}"
	ProjectSection(SolutionItems) = preProject
		.nuget\NuGet.exe = .nuget\NuGet.exe
		.nuget\NuGet.targets = .nuget\NuGet.targets
	EndProjectSection
EndProject
Project("{FAE04EC0-301F-11D3-BF4B-00C04F79EFBC}") = "Infrastructure", "Infrastructure\Infrastructure.csproj", "{73A2B0A8-24B1-473F-826C-3989578ACA3C}"
EndProject
Global
	GlobalSection(SolutionConfigurationPlatforms) = preSolution
		Debug|Any CPU = Debug|Any CPU
		Release|Any CPU = Release|Any CPU
	EndGlobalSection
	GlobalSection(ProjectConfigurationPlatforms) = postSolution
		{0D3CF2A2-1AC4-4E3C-98E3-8996312430DF}.Debug|Any CPU.ActiveCfg = Debug|Any CPU
		{0D3CF2A2-1AC4-4E3C-98E3-8996312430DF}.Debug|Any CPU.Build.0 = Debug|Any CPU
		{0D3CF2A2-1AC4-4E3C-98E3-8996312430DF}.Release|Any CPU.ActiveCfg = Release|Any CPU
		{0D3CF2A2-1AC4-4E3C-98E3-8996312430DF}.Release|Any CPU.Build.0 = Release|Any CPU
		{2EB9106A-4E51-4460-9B76-D411E475B8DF}.Debug|Any CPU.ActiveCfg = Debug|Any CPU
		{2EB9106A-4E51-4460-9B76-D411E475B8DF}.Debug|Any CPU.Build.0 = Debug|Any CPU
		{2EB9106A-4E51-4460-9B76-D411E475B8DF}.Release|Any CPU.ActiveCfg = Release|Any CPU
		{2EB9106A-4E51-4460-9B76-D411E475B8DF}.Release|Any CPU.Build.0 = Release|Any CPU
		{6A5D555B-3165-4A84-AD7E-D9E7AE436474}.Debug|Any CPU.ActiveCfg = Debug|Any CPU
		{6A5D555B-3165-4A84-AD7E-D9E7AE436474}.Debug|Any CPU.Build.0 = Debug|Any CPU
		{6A5D555B-3165-4A84-AD7E-D9E7AE436474}.Release|Any CPU.ActiveCfg = Release|Any CPU
		{6A5D555B-3165-4A84-AD7E-D9E7AE436474}.Release|Any CPU.Build.0 = Release|Any CPU
		{73A2B0A8-24B1-473F-826C-3989578ACA3C}.Debug|Any CPU.ActiveCfg = Debug|Any CPU
		{73A2B0A8-24B1-473F-826C-3989578ACA3C}.Debug|Any CPU.Build.0 = Debug|Any CPU
		{73A2B0A8-24B1-473F-826C-3989578ACA3C}.Release|Any CPU.ActiveCfg = Release|Any CPU
		{73A2B0A8-24B1-473F-826C-3989578ACA3C}.Release|Any CPU.Build.0 = Release|Any CPU
		{A61D7EBF-3E5A-41FD-815A-3A9351FAD522}.Debug|Any CPU.ActiveCfg = Debug|Any CPU
		{A61D7EBF-3E5A-41FD-815A-3A9351FAD522}.Debug|Any CPU.Build.0 = Debug|Any CPU
		{A61D7EBF-3E5A-41FD-815A-3A9351FAD522}.Release|Any CPU.ActiveCfg = Release|Any CPU
		{A61D7EBF-3E5A-41FD-815A-3A9351FAD522}.Release|Any CPU.Build.0 = Release|Any CPU
	EndGlobalSection
	GlobalSection(SolutionProperties) = preSolution
		HideSolutionNode = FALSE
	EndGlobalSection
EndGlobal
